
Microsoft Visual Studio Solution File, Format Version 12.00
# Visual Studio Version 16
VisualStudioVersion = 25.0.1705.4
MinimumVisualStudioVersion = 10.0.40219.1
Project("{FAE04EC0-301F-11D3-BF4B-00C04F79EFBC}") = "BlazorHRM", "BlazorHRM\BlazorHRM.csproj", "{017C7A73-DD76-4966-8F5E-DB4A2A65DE8F}"
EndProject
Project("{FAE04EC0-301F-11D3-BF4B-00C04F79EFBC}") = "BlazorHRM.Shared", "BethanysPieShopHRM.Shared\BlazorHRM.Shared.csproj", "{AEFAE433-29AB-468A-A5EC-42BD0BA932E2}"
EndProject
Global
	GlobalSection(SolutionConfigurationPlatforms) = preSolution
		Debug|Any CPU = Debug|Any CPU
		Release|Any CPU = Release|Any CPU
	EndGlobalSection
	GlobalSection(ProjectConfigurationPlatforms) = postSolution
		{017C7A73-DD76-4966-8F5E-DB4A2A65DE8F}.Debug|Any CPU.ActiveCfg = Debug|Any CPU
		{017C7A73-DD76-4966-8F5E-DB4A2A65DE8F}.Debug|Any CPU.Build.0 = Debug|Any CPU
		{017C7A73-DD76-4966-8F5E-DB4A2A65DE8F}.Release|Any CPU.ActiveCfg = Release|Any CPU
		{017C7A73-DD76-4966-8F5E-DB4A2A65DE8F}.Release|Any CPU.Build.0 = Release|Any CPU
		{AEFAE433-29AB-468A-A5EC-42BD0BA932E2}.Debug|Any CPU.ActiveCfg = Debug|Any CPU
		{AEFAE433-29AB-468A-A5EC-42BD0BA932E2}.Debug|Any CPU.Build.0 = Debug|Any CPU
		{AEFAE433-29AB-468A-A5EC-42BD0BA932E2}.Release|Any CPU.ActiveCfg = Release|Any CPU
		{AEFAE433-29AB-468A-A5EC-42BD0BA932E2}.Release|Any CPU.Build.0 = Release|Any CPU
	EndGlobalSection
	GlobalSection(SolutionProperties) = preSolution
		HideSolutionNode = FALSE
	EndGlobalSection
	GlobalSection(ExtensibilityGlobals) = postSolution
		SolutionGuid = {811EA385-9126-46F0-AAF5-0EC1931135C6}
	EndGlobalSection
EndGlobal
